
Microsoft Visual Studio Solution File, Format Version 12.00
# Visual Studio Version 17
VisualStudioVersion = 17.5.002.0
MinimumVisualStudioVersion = 10.0.40219.1
Project("{9A19103F-16F7-4668-BE54-9A1E7A4F7556}") = "Modulo2", "Modulo2.csproj", "{B03F78AA-52BD-43CD-BC82-7A043EF32432}"
EndProject
Global
	GlobalSection(SolutionConfigurationPlatforms) = preSolution
		Debug|Any CPU = Debug|Any CPU
		Release|Any CPU = Release|Any CPU
	EndGlobalSection
	GlobalSection(ProjectConfigurationPlatforms) = postSolution
		{B03F78AA-52BD-43CD-BC82-7A043EF32432}.Debug|Any CPU.ActiveCfg = Debug|Any CPU
		{B03F78AA-52BD-43CD-BC82-7A043EF32432}.Debug|Any CPU.Build.0 = Debug|Any CPU
		{B03F78AA-52BD-43CD-BC82-7A043EF32432}.Release|Any CPU.ActiveCfg = Release|Any CPU
		{B03F78AA-52BD-43CD-BC82-7A043EF32432}.Release|Any CPU.Build.0 = Release|Any CPU
	EndGlobalSection
	GlobalSection(SolutionProperties) = preSolution
		HideSolutionNode = FALSE
	EndGlobalSection
	GlobalSection(ExtensibilityGlobals) = postSolution
		SolutionGuid = {CEFC01B5-6443-4EDE-B7B4-689766E841F3}
	EndGlobalSection
EndGlobal
